// !$*UTF8*$!
{
	archiveVersion = 1;
	classes = {
	};
	objectVersion = 55;
	objects = {

/* Begin PBXBuildFile section */
		06A3F9A42824250200DDB04A /* LandmarksApp.swift in Sources */ = {isa = PBXBuildFile; fileRef = 06A3F9A32824250200DDB04A /* LandmarksApp.swift */; };
		06A3F9A62824250200DDB04A /* ContentView.swift in Sources */ = {isa = PBXBuildFile; fileRef = 06A3F9A52824250200DDB04A /* ContentView.swift */; };
		06A3F9A82824250300DDB04A /* Assets.xcassets in Resources */ = {isa = PBXBuildFile; fileRef = 06A3F9A72824250300DDB04A /* Assets.xcassets */; };
		06A3F9AB2824250300DDB04A /* Preview Assets.xcassets in Resources */ = {isa = PBXBuildFile; fileRef = 06A3F9AA2824250300DDB04A /* Preview Assets.xcassets */; };
		06A3F9B228244EEE00DDB04A /* CircleImage.swift in Sources */ = {isa = PBXBuildFile; fileRef = 06A3F9B128244EEE00DDB04A /* CircleImage.swift */; };
		06A3F9B4282450A400DDB04A /* MapView.swift in Sources */ = {isa = PBXBuildFile; fileRef = 06A3F9B3282450A400DDB04A /* MapView.swift */; };
		06A3F9B828245A1100DDB04A /* Landmark.swift in Sources */ = {isa = PBXBuildFile; fileRef = 06A3F9B728245A1100DDB04A /* Landmark.swift */; };
		06A3F9BA28245E4000DDB04A /* ModelData.swift in Sources */ = {isa = PBXBuildFile; fileRef = 06A3F9B928245E4000DDB04A /* ModelData.swift */; };
		06A3F9C0282524C200DDB04A /* LandmarkRow.swift in Sources */ = {isa = PBXBuildFile; fileRef = 06A3F9BF282524C200DDB04A /* LandmarkRow.swift */; };
		06A3F9C22825305900DDB04A /* landmarkData.json in Resources */ = {isa = PBXBuildFile; fileRef = 06A3F9C12825305900DDB04A /* landmarkData.json */; };
		06A3F9C428253AE400DDB04A /* LandmarkList.swift in Sources */ = {isa = PBXBuildFile; fileRef = 06A3F9C328253AE400DDB04A /* LandmarkList.swift */; };
		06A3F9C62825405400DDB04A /* LandmarkDetail.swift in Sources */ = {isa = PBXBuildFile; fileRef = 06A3F9C52825405400DDB04A /* LandmarkDetail.swift */; };
		06A3F9C82825B74D00DDB04A /* FavoriteButton.swift in Sources */ = {isa = PBXBuildFile; fileRef = 06A3F9C72825B74D00DDB04A /* FavoriteButton.swift */; };
		06A3F9CC2826787C00DDB04A /* HexagonParameters.swift in Sources */ = {isa = PBXBuildFile; fileRef = 06A3F9CB2826787C00DDB04A /* HexagonParameters.swift */; };
		06A3F9CE2827E1E700DDB04A /* BadgeBackground.swift in Sources */ = {isa = PBXBuildFile; fileRef = 06A3F9CD2827E1E700DDB04A /* BadgeBackground.swift */; };
		06A3F9D02827FCFD00DDB04A /* BadgeSymbol.swift in Sources */ = {isa = PBXBuildFile; fileRef = 06A3F9CF2827FCFD00DDB04A /* BadgeSymbol.swift */; };
		06A3F9D2282804F100DDB04A /* RotatedBadgeSymbol.swift in Sources */ = {isa = PBXBuildFile; fileRef = 06A3F9D1282804F100DDB04A /* RotatedBadgeSymbol.swift */; };
		06A3F9D42828064A00DDB04A /* Badge.swift in Sources */ = {isa = PBXBuildFile; fileRef = 06A3F9D32828064A00DDB04A /* Badge.swift */; };
		06A3F9D728280AD800DDB04A /* hikeData.json in Resources */ = {isa = PBXBuildFile; fileRef = 06A3F9D628280AD800DDB04A /* hikeData.json */; };
		06A3F9D928280B1E00DDB04A /* Hike.swift in Sources */ = {isa = PBXBuildFile; fileRef = 06A3F9D828280B1E00DDB04A /* Hike.swift */; };
		06A3F9DF28280CFD00DDB04A /* GraphCapsule.swift in Sources */ = {isa = PBXBuildFile; fileRef = 06A3F9DB28280CFD00DDB04A /* GraphCapsule.swift */; };
		06A3F9E028280CFD00DDB04A /* HikeGraph.swift in Sources */ = {isa = PBXBuildFile; fileRef = 06A3F9DC28280CFD00DDB04A /* HikeGraph.swift */; };
		06A3F9E128280CFD00DDB04A /* HikeDetail.swift in Sources */ = {isa = PBXBuildFile; fileRef = 06A3F9DD28280CFD00DDB04A /* HikeDetail.swift */; };
		06A3F9E228280CFD00DDB04A /* HikeView.swift in Sources */ = {isa = PBXBuildFile; fileRef = 06A3F9DE28280CFD00DDB04A /* HikeView.swift */; };
		06A3F9E428283F4200DDB04A /* CategoryHome.swift in Sources */ = {isa = PBXBuildFile; fileRef = 06A3F9E328283F4200DDB04A /* CategoryHome.swift */; };
		06A3F9E62828434600DDB04A /* CategoryRow.swift in Sources */ = {isa = PBXBuildFile; fileRef = 06A3F9E52828434600DDB04A /* CategoryRow.swift */; };
		06A3F9E82828463200DDB04A /* CategoryItem.swift in Sources */ = {isa = PBXBuildFile; fileRef = 06A3F9E72828463200DDB04A /* CategoryItem.swift */; };
		06A3F9EB2829054F00DDB04A /* Profile.swift in Sources */ = {isa = PBXBuildFile; fileRef = 06A3F9EA2829054F00DDB04A /* Profile.swift */; };
		06A3F9ED282906AE00DDB04A /* ProfileHost.swift in Sources */ = {isa = PBXBuildFile; fileRef = 06A3F9EC282906AE00DDB04A /* ProfileHost.swift */; };
		06A3F9F028298AD100DDB04A /* ProfileSummary.swift in Sources */ = {isa = PBXBuildFile; fileRef = 06A3F9EF28298AD100DDB04A /* ProfileSummary.swift */; };
		06A3F9F228298E1900DDB04A /* HikeBadge.swift in Sources */ = {isa = PBXBuildFile; fileRef = 06A3F9F128298E1900DDB04A /* HikeBadge.swift */; };
		06A3F9F42829A03C00DDB04A /* ProfileEditor.swift in Sources */ = {isa = PBXBuildFile; fileRef = 06A3F9F32829A03C00DDB04A /* ProfileEditor.swift */; };
		06A93B832829B21700E8A6F7 /* PageViewController.swift in Sources */ = {isa = PBXBuildFile; fileRef = 06A93B822829B21700E8A6F7 /* PageViewController.swift */; };
		06A93B852829B4BE00E8A6F7 /* FeatureCard.swift in Sources */ = {isa = PBXBuildFile; fileRef = 06A93B842829B4BE00E8A6F7 /* FeatureCard.swift */; };
		06D35AB72829B7F200D0143F /* PageView.swift in Sources */ = {isa = PBXBuildFile; fileRef = 06D35AB62829B7F200D0143F /* PageView.swift */; };
		06D35AB9282A9BE300D0143F /* PageControl.swift in Sources */ = {isa = PBXBuildFile; fileRef = 06D35AB8282A9BE300D0143F /* PageControl.swift */; };
/* End PBXBuildFile section */

/* Begin PBXFileReference section */
		06A3F9A02824250200DDB04A /* Landmarks.app */ = {isa = PBXFileReference; explicitFileType = wrapper.application; includeInIndex = 0; path = Landmarks.app; sourceTree = BUILT_PRODUCTS_DIR; };
		06A3F9A32824250200DDB04A /* LandmarksApp.swift */ = {isa = PBXFileReference; lastKnownFileType = sourcecode.swift; path = LandmarksApp.swift; sourceTree = "<group>"; };
		06A3F9A52824250200DDB04A /* ContentView.swift */ = {isa = PBXFileReference; lastKnownFileType = sourcecode.swift; path = ContentView.swift; sourceTree = "<group>"; };
		06A3F9A72824250300DDB04A /* Assets.xcassets */ = {isa = PBXFileReference; lastKnownFileType = folder.assetcatalog; path = Assets.xcassets; sourceTree = "<group>"; };
		06A3F9AA2824250300DDB04A /* Preview Assets.xcassets */ = {isa = PBXFileReference; lastKnownFileType = folder.assetcatalog; path = "Preview Assets.xcassets"; sourceTree = "<group>"; };
		06A3F9B128244EEE00DDB04A /* CircleImage.swift */ = {isa = PBXFileReference; lastKnownFileType = sourcecode.swift; path = CircleImage.swift; sourceTree = "<group>"; };
		06A3F9B3282450A400DDB04A /* MapView.swift */ = {isa = PBXFileReference; lastKnownFileType = sourcecode.swift; path = MapView.swift; sourceTree = "<group>"; };
		06A3F9B728245A1100DDB04A /* Landmark.swift */ = {isa = PBXFileReference; lastKnownFileType = sourcecode.swift; path = Landmark.swift; sourceTree = "<group>"; };
		06A3F9B928245E4000DDB04A /* ModelData.swift */ = {isa = PBXFileReference; lastKnownFileType = sourcecode.swift; path = ModelData.swift; sourceTree = "<group>"; };
		06A3F9BF282524C200DDB04A /* LandmarkRow.swift */ = {isa = PBXFileReference; lastKnownFileType = sourcecode.swift; path = LandmarkRow.swift; sourceTree = "<group>"; };
		06A3F9C12825305900DDB04A /* landmarkData.json */ = {isa = PBXFileReference; fileEncoding = 4; lastKnownFileType = text.json; name = landmarkData.json; path = ../../../../../Downloads/BuildingListsAndNavigation/Resources/landmarkData.json; sourceTree = "<group>"; };
		06A3F9C328253AE400DDB04A /* LandmarkList.swift */ = {isa = PBXFileReference; lastKnownFileType = sourcecode.swift; path = LandmarkList.swift; sourceTree = "<group>"; };
		06A3F9C52825405400DDB04A /* LandmarkDetail.swift */ = {isa = PBXFileReference; lastKnownFileType = sourcecode.swift; path = LandmarkDetail.swift; sourceTree = "<group>"; };
		06A3F9C72825B74D00DDB04A /* FavoriteButton.swift */ = {isa = PBXFileReference; lastKnownFileType = sourcecode.swift; path = FavoriteButton.swift; sourceTree = "<group>"; };
		06A3F9CB2826787C00DDB04A /* HexagonParameters.swift */ = {isa = PBXFileReference; lastKnownFileType = sourcecode.swift; path = HexagonParameters.swift; sourceTree = "<group>"; };
		06A3F9CD2827E1E700DDB04A /* BadgeBackground.swift */ = {isa = PBXFileReference; lastKnownFileType = sourcecode.swift; path = BadgeBackground.swift; sourceTree = "<group>"; };
		06A3F9CF2827FCFD00DDB04A /* BadgeSymbol.swift */ = {isa = PBXFileReference; lastKnownFileType = sourcecode.swift; path = BadgeSymbol.swift; sourceTree = "<group>"; };
		06A3F9D1282804F100DDB04A /* RotatedBadgeSymbol.swift */ = {isa = PBXFileReference; lastKnownFileType = sourcecode.swift; path = RotatedBadgeSymbol.swift; sourceTree = "<group>"; };
		06A3F9D32828064A00DDB04A /* Badge.swift */ = {isa = PBXFileReference; lastKnownFileType = sourcecode.swift; path = Badge.swift; sourceTree = "<group>"; };
		06A3F9D628280AD800DDB04A /* hikeData.json */ = {isa = PBXFileReference; fileEncoding = 4; lastKnownFileType = text.json; path = hikeData.json; sourceTree = "<group>"; };
		06A3F9D828280B1E00DDB04A /* Hike.swift */ = {isa = PBXFileReference; lastKnownFileType = sourcecode.swift; path = Hike.swift; sourceTree = "<group>"; };
		06A3F9DB28280CFD00DDB04A /* GraphCapsule.swift */ = {isa = PBXFileReference; fileEncoding = 4; lastKnownFileType = sourcecode.swift; path = GraphCapsule.swift; sourceTree = "<group>"; };
		06A3F9DC28280CFD00DDB04A /* HikeGraph.swift */ = {isa = PBXFileReference; fileEncoding = 4; lastKnownFileType = sourcecode.swift; path = HikeGraph.swift; sourceTree = "<group>"; };
		06A3F9DD28280CFD00DDB04A /* HikeDetail.swift */ = {isa = PBXFileReference; fileEncoding = 4; lastKnownFileType = sourcecode.swift; path = HikeDetail.swift; sourceTree = "<group>"; };
		06A3F9DE28280CFD00DDB04A /* HikeView.swift */ = {isa = PBXFileReference; fileEncoding = 4; lastKnownFileType = sourcecode.swift; path = HikeView.swift; sourceTree = "<group>"; };
		06A3F9E328283F4200DDB04A /* CategoryHome.swift */ = {isa = PBXFileReference; lastKnownFileType = sourcecode.swift; path = CategoryHome.swift; sourceTree = "<group>"; };
		06A3F9E52828434600DDB04A /* CategoryRow.swift */ = {isa = PBXFileReference; lastKnownFileType = sourcecode.swift; path = CategoryRow.swift; sourceTree = "<group>"; };
		06A3F9E72828463200DDB04A /* CategoryItem.swift */ = {isa = PBXFileReference; lastKnownFileType = sourcecode.swift; path = CategoryItem.swift; sourceTree = "<group>"; };
		06A3F9EA2829054F00DDB04A /* Profile.swift */ = {isa = PBXFileReference; lastKnownFileType = sourcecode.swift; path = Profile.swift; sourceTree = "<group>"; };
		06A3F9EC282906AE00DDB04A /* ProfileHost.swift */ = {isa = PBXFileReference; lastKnownFileType = sourcecode.swift; path = ProfileHost.swift; sourceTree = "<group>"; };
		06A3F9EF28298AD100DDB04A /* ProfileSummary.swift */ = {isa = PBXFileReference; lastKnownFileType = sourcecode.swift; path = ProfileSummary.swift; sourceTree = "<group>"; };
		06A3F9F128298E1900DDB04A /* HikeBadge.swift */ = {isa = PBXFileReference; lastKnownFileType = sourcecode.swift; path = HikeBadge.swift; sourceTree = "<group>"; };
		06A3F9F32829A03C00DDB04A /* ProfileEditor.swift */ = {isa = PBXFileReference; lastKnownFileType = sourcecode.swift; path = ProfileEditor.swift; sourceTree = "<group>"; };
		06A93B822829B21700E8A6F7 /* PageViewController.swift */ = {isa = PBXFileReference; lastKnownFileType = sourcecode.swift; path = PageViewController.swift; sourceTree = "<group>"; };
		06A93B842829B4BE00E8A6F7 /* FeatureCard.swift */ = {isa = PBXFileReference; lastKnownFileType = sourcecode.swift; path = FeatureCard.swift; sourceTree = "<group>"; };
		06D35AB62829B7F200D0143F /* PageView.swift */ = {isa = PBXFileReference; lastKnownFileType = sourcecode.swift; path = PageView.swift; sourceTree = "<group>"; };
		06D35AB8282A9BE300D0143F /* PageControl.swift */ = {isa = PBXFileReference; lastKnownFileType = sourcecode.swift; path = PageControl.swift; sourceTree = "<group>"; };
/* End PBXFileReference section */

/* Begin PBXFrameworksBuildPhase section */
		06A3F99D2824250200DDB04A /* Frameworks */ = {
			isa = PBXFrameworksBuildPhase;
			buildActionMask = 2147483647;
			files = (
			);
			runOnlyForDeploymentPostprocessing = 0;
		};
/* End PBXFrameworksBuildPhase section */

/* Begin PBXGroup section */
		06A3F9972824250200DDB04A = {
			isa = PBXGroup;
			children = (
				06A3F9A22824250200DDB04A /* Landmarks */,
				06A3F9A12824250200DDB04A /* Products */,
			);
			sourceTree = "<group>";
		};
		06A3F9A12824250200DDB04A /* Products */ = {
			isa = PBXGroup;
			children = (
				06A3F9A02824250200DDB04A /* Landmarks.app */,
			);
			name = Products;
			sourceTree = "<group>";
		};
		06A3F9A22824250200DDB04A /* Landmarks */ = {
			isa = PBXGroup;
			children = (
				06A3F9EE2829071500DDB04A /* Profiles */,
				06A3F9E92828EEDA00DDB04A /* Category */,
				06A3F9BE2824615200DDB04A /* Resources */,
				06A3F9BC2824611800DDB04A /* Model */,
				06A3F9BB282460E600DDB04A /* Views */,
				06A3F9A32824250200DDB04A /* LandmarksApp.swift */,
				06A3F9A72824250300DDB04A /* Assets.xcassets */,
				06A3F9A92824250300DDB04A /* Preview Content */,
			);
			path = Landmarks;
			sourceTree = "<group>";
		};
		06A3F9A92824250300DDB04A /* Preview Content */ = {
			isa = PBXGroup;
			children = (
				06A3F9AA2824250300DDB04A /* Preview Assets.xcassets */,
			);
			path = "Preview Content";
			sourceTree = "<group>";
		};
		06A3F9BB282460E600DDB04A /* Views */ = {
			isa = PBXGroup;
			children = (
				06A93B812829B1DD00E8A6F7 /* PageView */,
				06A3F9DA28280CFD00DDB04A /* Hikes */,
				06A3F9D52828090500DDB04A /* Badges */,
				06A3F9A52824250200DDB04A /* ContentView.swift */,
				06A3F9C92825B90A00DDB04A /* Landmarks */,
				06A3F9CA2825B91E00DDB04A /* Helpers */,
			);
			path = Views;
			sourceTree = "<group>";
		};
		06A3F9BC2824611800DDB04A /* Model */ = {
			isa = PBXGroup;
			children = (
				06A3F9B928245E4000DDB04A /* ModelData.swift */,
				06A3F9B728245A1100DDB04A /* Landmark.swift */,
			);
			path = Model;
			sourceTree = "<group>";
		};
		06A3F9BE2824615200DDB04A /* Resources */ = {
			isa = PBXGroup;
			children = (
				06A3F9D628280AD800DDB04A /* hikeData.json */,
				06A3F9C12825305900DDB04A /* landmarkData.json */,
			);
			path = Resources;
			sourceTree = "<group>";
		};
		06A3F9C92825B90A00DDB04A /* Landmarks */ = {
			isa = PBXGroup;
			children = (
				06A3F9BF282524C200DDB04A /* LandmarkRow.swift */,
				06A3F9C328253AE400DDB04A /* LandmarkList.swift */,
				06A3F9C52825405400DDB04A /* LandmarkDetail.swift */,
			);
			path = Landmarks;
			sourceTree = "<group>";
		};
		06A3F9CA2825B91E00DDB04A /* Helpers */ = {
			isa = PBXGroup;
			children = (
				06A3F9C72825B74D00DDB04A /* FavoriteButton.swift */,
				06A3F9B128244EEE00DDB04A /* CircleImage.swift */,
				06A3F9B3282450A400DDB04A /* MapView.swift */,
			);
			path = Helpers;
			sourceTree = "<group>";
		};
		06A3F9D52828090500DDB04A /* Badges */ = {
			isa = PBXGroup;
			children = (
				06A3F9CB2826787C00DDB04A /* HexagonParameters.swift */,
				06A3F9CF2827FCFD00DDB04A /* BadgeSymbol.swift */,
				06A3F9D828280B1E00DDB04A /* Hike.swift */,
				06A3F9D1282804F100DDB04A /* RotatedBadgeSymbol.swift */,
				06A3F9D32828064A00DDB04A /* Badge.swift */,
				06A3F9CD2827E1E700DDB04A /* BadgeBackground.swift */,
			);
			path = Badges;
			sourceTree = "<group>";
		};
		06A3F9DA28280CFD00DDB04A /* Hikes */ = {
			isa = PBXGroup;
			children = (
				06A3F9DB28280CFD00DDB04A /* GraphCapsule.swift */,
				06A3F9DC28280CFD00DDB04A /* HikeGraph.swift */,
				06A3F9DD28280CFD00DDB04A /* HikeDetail.swift */,
				06A3F9DE28280CFD00DDB04A /* HikeView.swift */,
				06A3F9F128298E1900DDB04A /* HikeBadge.swift */,
			);
			path = Hikes;
			sourceTree = "<group>";
		};
		06A3F9E92828EEDA00DDB04A /* Category */ = {
			isa = PBXGroup;
			children = (
				06A3F9E52828434600DDB04A /* CategoryRow.swift */,
				06A3F9E72828463200DDB04A /* CategoryItem.swift */,
				06A3F9E328283F4200DDB04A /* CategoryHome.swift */,
			);
			path = Category;
			sourceTree = "<group>";
		};
		06A3F9EE2829071500DDB04A /* Profiles */ = {
			isa = PBXGroup;
			children = (
				06A3F9EA2829054F00DDB04A /* Profile.swift */,
				06A3F9EC282906AE00DDB04A /* ProfileHost.swift */,
				06A3F9EF28298AD100DDB04A /* ProfileSummary.swift */,
				06A3F9F32829A03C00DDB04A /* ProfileEditor.swift */,
			);
			path = Profiles;
			sourceTree = "<group>";
		};
		06A93B812829B1DD00E8A6F7 /* PageView */ = {
			isa = PBXGroup;
			children = (
				06A93B822829B21700E8A6F7 /* PageViewController.swift */,
				06D35AB8282A9BE300D0143F /* PageControl.swift */,
				06A93B842829B4BE00E8A6F7 /* FeatureCard.swift */,
				06D35AB62829B7F200D0143F /* PageView.swift */,
			);
			path = PageView;
			sourceTree = "<group>";
		};
/* End PBXGroup section */

/* Begin PBXNativeTarget section */
		06A3F99F2824250200DDB04A /* Landmarks */ = {
			isa = PBXNativeTarget;
			buildConfigurationList = 06A3F9AE2824250300DDB04A /* Build configuration list for PBXNativeTarget "Landmarks" */;
			buildPhases = (
				06A3F99C2824250200DDB04A /* Sources */,
				06A3F99D2824250200DDB04A /* Frameworks */,
				06A3F99E2824250200DDB04A /* Resources */,
			);
			buildRules = (
			);
			dependencies = (
			);
			name = Landmarks;
			productName = Landmarks;
			productReference = 06A3F9A02824250200DDB04A /* Landmarks.app */;
			productType = "com.apple.product-type.application";
		};
/* End PBXNativeTarget section */

/* Begin PBXProject section */
		06A3F9982824250200DDB04A /* Project object */ = {
			isa = PBXProject;
			attributes = {
				BuildIndependentTargetsInParallel = 1;
				LastSwiftUpdateCheck = 1330;
				LastUpgradeCheck = 1330;
				TargetAttributes = {
					06A3F99F2824250200DDB04A = {
						CreatedOnToolsVersion = 13.3.1;
					};
				};
			};
			buildConfigurationList = 06A3F99B2824250200DDB04A /* Build configuration list for PBXProject "Landmarks" */;
			compatibilityVersion = "Xcode 13.0";
			developmentRegion = en;
			hasScannedForEncodings = 0;
			knownRegions = (
				en,
				Base,
			);
			mainGroup = 06A3F9972824250200DDB04A;
			productRefGroup = 06A3F9A12824250200DDB04A /* Products */;
			projectDirPath = "";
			projectRoot = "";
			targets = (
				06A3F99F2824250200DDB04A /* Landmarks */,
			);
		};
/* End PBXProject section */

/* Begin PBXResourcesBuildPhase section */
		06A3F99E2824250200DDB04A /* Resources */ = {
			isa = PBXResourcesBuildPhase;
			buildActionMask = 2147483647;
			files = (
				06A3F9D728280AD800DDB04A /* hikeData.json in Resources */,
				06A3F9AB2824250300DDB04A /* Preview Assets.xcassets in Resources */,
				06A3F9A82824250300DDB04A /* Assets.xcassets in Resources */,
				06A3F9C22825305900DDB04A /* landmarkData.json in Resources */,
			);
			runOnlyForDeploymentPostprocessing = 0;
		};
/* End PBXResourcesBuildPhase section */

/* Begin PBXSourcesBuildPhase section */
		06A3F99C2824250200DDB04A /* Sources */ = {
			isa = PBXSourcesBuildPhase;
			buildActionMask = 2147483647;
			files = (
				06A3F9E62828434600DDB04A /* CategoryRow.swift in Sources */,
				06A3F9EB2829054F00DDB04A /* Profile.swift in Sources */,
				06A3F9A62824250200DDB04A /* ContentView.swift in Sources */,
				06A3F9E428283F4200DDB04A /* CategoryHome.swift in Sources */,
				06A93B852829B4BE00E8A6F7 /* FeatureCard.swift in Sources */,
				06A3F9E028280CFD00DDB04A /* HikeGraph.swift in Sources */,
				06A3F9D42828064A00DDB04A /* Badge.swift in Sources */,
				06A3F9B4282450A400DDB04A /* MapView.swift in Sources */,
				06A3F9DF28280CFD00DDB04A /* GraphCapsule.swift in Sources */,
				06A3F9A42824250200DDB04A /* LandmarksApp.swift in Sources */,
				06D35AB9282A9BE300D0143F /* PageControl.swift in Sources */,
				06A3F9C82825B74D00DDB04A /* FavoriteButton.swift in Sources */,
				06A3F9E82828463200DDB04A /* CategoryItem.swift in Sources */,
				06A3F9E128280CFD00DDB04A /* HikeDetail.swift in Sources */,
				06A3F9F028298AD100DDB04A /* ProfileSummary.swift in Sources */,
				06A3F9CC2826787C00DDB04A /* HexagonParameters.swift in Sources */,
				06A3F9ED282906AE00DDB04A /* ProfileHost.swift in Sources */,
				06A3F9D928280B1E00DDB04A /* Hike.swift in Sources */,
				06A3F9D2282804F100DDB04A /* RotatedBadgeSymbol.swift in Sources */,
				06D35AB72829B7F200D0143F /* PageView.swift in Sources */,
				06A3F9D02827FCFD00DDB04A /* BadgeSymbol.swift in Sources */,
				06A3F9F42829A03C00DDB04A /* ProfileEditor.swift in Sources */,
				06A3F9C428253AE400DDB04A /* LandmarkList.swift in Sources */,
				06A3F9E228280CFD00DDB04A /* HikeView.swift in Sources */,
				06A3F9C62825405400DDB04A /* LandmarkDetail.swift in Sources */,
				06A93B832829B21700E8A6F7 /* PageViewController.swift in Sources */,
				06A3F9CE2827E1E700DDB04A /* BadgeBackground.swift in Sources */,
				06A3F9F228298E1900DDB04A /* HikeBadge.swift in Sources */,
				06A3F9B228244EEE00DDB04A /* CircleImage.swift in Sources */,
				06A3F9B828245A1100DDB04A /* Landmark.swift in Sources */,
				06A3F9C0282524C200DDB04A /* LandmarkRow.swift in Sources */,
				06A3F9BA28245E4000DDB04A /* ModelData.swift in Sources */,
			);
			runOnlyForDeploymentPostprocessing = 0;
		};
/* End PBXSourcesBuildPhase section */

/* Begin XCBuildConfiguration section */
		06A3F9AC2824250300DDB04A /* Debug */ = {
			isa = XCBuildConfiguration;
			buildSettings = {
				ALWAYS_SEARCH_USER_PATHS = NO;
				CLANG_ANALYZER_NONNULL = YES;
				CLANG_ANALYZER_NUMBER_OBJECT_CONVERSION = YES_AGGRESSIVE;
				CLANG_CXX_LANGUAGE_STANDARD = "gnu++17";
				CLANG_ENABLE_MODULES = YES;
				CLANG_ENABLE_OBJC_ARC = YES;
				CLANG_ENABLE_OBJC_WEAK = YES;
				CLANG_WARN_BLOCK_CAPTURE_AUTORELEASING = YES;
				CLANG_WARN_BOOL_CONVERSION = YES;
				CLANG_WARN_COMMA = YES;
				CLANG_WARN_CONSTANT_CONVERSION = YES;
				CLANG_WARN_DEPRECATED_OBJC_IMPLEMENTATIONS = YES;
				CLANG_WARN_DIRECT_OBJC_ISA_USAGE = YES_ERROR;
				CLANG_WARN_DOCUMENTATION_COMMENTS = YES;
				CLANG_WARN_EMPTY_BODY = YES;
				CLANG_WARN_ENUM_CONVERSION = YES;
				CLANG_WARN_INFINITE_RECURSION = YES;
				CLANG_WARN_INT_CONVERSION = YES;
				CLANG_WARN_NON_LITERAL_NULL_CONVERSION = YES;
				CLANG_WARN_OBJC_IMPLICIT_RETAIN_SELF = YES;
				CLANG_WARN_OBJC_LITERAL_CONVERSION = YES;
				CLANG_WARN_OBJC_ROOT_CLASS = YES_ERROR;
				CLANG_WARN_QUOTED_INCLUDE_IN_FRAMEWORK_HEADER = YES;
				CLANG_WARN_RANGE_LOOP_ANALYSIS = YES;
				CLANG_WARN_STRICT_PROTOTYPES = YES;
				CLANG_WARN_SUSPICIOUS_MOVE = YES;
				CLANG_WARN_UNGUARDED_AVAILABILITY = YES_AGGRESSIVE;
				CLANG_WARN_UNREACHABLE_CODE = YES;
				CLANG_WARN__DUPLICATE_METHOD_MATCH = YES;
				COPY_PHASE_STRIP = NO;
				DEBUG_INFORMATION_FORMAT = dwarf;
				ENABLE_STRICT_OBJC_MSGSEND = YES;
				ENABLE_TESTABILITY = YES;
				GCC_C_LANGUAGE_STANDARD = gnu11;
				GCC_DYNAMIC_NO_PIC = NO;
				GCC_NO_COMMON_BLOCKS = YES;
				GCC_OPTIMIZATION_LEVEL = 0;
				GCC_PREPROCESSOR_DEFINITIONS = (
					"DEBUG=1",
					"$(inherited)",
				);
				GCC_WARN_64_TO_32_BIT_CONVERSION = YES;
				GCC_WARN_ABOUT_RETURN_TYPE = YES_ERROR;
				GCC_WARN_UNDECLARED_SELECTOR = YES;
				GCC_WARN_UNINITIALIZED_AUTOS = YES_AGGRESSIVE;
				GCC_WARN_UNUSED_FUNCTION = YES;
				GCC_WARN_UNUSED_VARIABLE = YES;
				IPHONEOS_DEPLOYMENT_TARGET = 15.4;
				MTL_ENABLE_DEBUG_INFO = INCLUDE_SOURCE;
				MTL_FAST_MATH = YES;
				ONLY_ACTIVE_ARCH = YES;
				SDKROOT = iphoneos;
				SWIFT_ACTIVE_COMPILATION_CONDITIONS = DEBUG;
				SWIFT_OPTIMIZATION_LEVEL = "-Onone";
			};
			name = Debug;
		};
		06A3F9AD2824250300DDB04A /* Release */ = {
			isa = XCBuildConfiguration;
			buildSettings = {
				ALWAYS_SEARCH_USER_PATHS = NO;
				CLANG_ANALYZER_NONNULL = YES;
				CLANG_ANALYZER_NUMBER_OBJECT_CONVERSION = YES_AGGRESSIVE;
				CLANG_CXX_LANGUAGE_STANDARD = "gnu++17";
				CLANG_ENABLE_MODULES = YES;
				CLANG_ENABLE_OBJC_ARC = YES;
				CLANG_ENABLE_OBJC_WEAK = YES;
				CLANG_WARN_BLOCK_CAPTURE_AUTORELEASING = YES;
				CLANG_WARN_BOOL_CONVERSION = YES;
				CLANG_WARN_COMMA = YES;
				CLANG_WARN_CONSTANT_CONVERSION = YES;
				CLANG_WARN_DEPRECATED_OBJC_IMPLEMENTATIONS = YES;
				CLANG_WARN_DIRECT_OBJC_ISA_USAGE = YES_ERROR;
				CLANG_WARN_DOCUMENTATION_COMMENTS = YES;
				CLANG_WARN_EMPTY_BODY = YES;
				CLANG_WARN_ENUM_CONVERSION = YES;
				CLANG_WARN_INFINITE_RECURSION = YES;
				CLANG_WARN_INT_CONVERSION = YES;
				CLANG_WARN_NON_LITERAL_NULL_CONVERSION = YES;
				CLANG_WARN_OBJC_IMPLICIT_RETAIN_SELF = YES;
				CLANG_WARN_OBJC_LITERAL_CONVERSION = YES;
				CLANG_WARN_OBJC_ROOT_CLASS = YES_ERROR;
				CLANG_WARN_QUOTED_INCLUDE_IN_FRAMEWORK_HEADER = YES;
				CLANG_WARN_RANGE_LOOP_ANALYSIS = YES;
				CLANG_WARN_STRICT_PROTOTYPES = YES;
				CLANG_WARN_SUSPICIOUS_MOVE = YES;
				CLANG_WARN_UNGUARDED_AVAILABILITY = YES_AGGRESSIVE;
				CLANG_WARN_UNREACHABLE_CODE = YES;
				CLANG_WARN__DUPLICATE_METHOD_MATCH = YES;
				COPY_PHASE_STRIP = NO;
				DEBUG_INFORMATION_FORMAT = "dwarf-with-dsym";
				ENABLE_NS_ASSERTIONS = NO;
				ENABLE_STRICT_OBJC_MSGSEND = YES;
				GCC_C_LANGUAGE_STANDARD = gnu11;
				GCC_NO_COMMON_BLOCKS = YES;
				GCC_WARN_64_TO_32_BIT_CONVERSION = YES;
				GCC_WARN_ABOUT_RETURN_TYPE = YES_ERROR;
				GCC_WARN_UNDECLARED_SELECTOR = YES;
				GCC_WARN_UNINITIALIZED_AUTOS = YES_AGGRESSIVE;
				GCC_WARN_UNUSED_FUNCTION = YES;
				GCC_WARN_UNUSED_VARIABLE = YES;
				IPHONEOS_DEPLOYMENT_TARGET = 15.4;
				MTL_ENABLE_DEBUG_INFO = NO;
				MTL_FAST_MATH = YES;
				SDKROOT = iphoneos;
				SWIFT_COMPILATION_MODE = wholemodule;
				SWIFT_OPTIMIZATION_LEVEL = "-O";
				VALIDATE_PRODUCT = YES;
			};
			name = Release;
		};
		06A3F9AF2824250300DDB04A /* Debug */ = {
			isa = XCBuildConfiguration;
			buildSettings = {
				ASSETCATALOG_COMPILER_APPICON_NAME = AppIcon;
				ASSETCATALOG_COMPILER_GLOBAL_ACCENT_COLOR_NAME = AccentColor;
				CODE_SIGN_STYLE = Automatic;
				CURRENT_PROJECT_VERSION = 1;
				DEVELOPMENT_ASSET_PATHS = "\"Landmarks/Preview Content\"";
				ENABLE_PREVIEWS = YES;
				GENERATE_INFOPLIST_FILE = YES;
				INFOPLIST_KEY_UIApplicationSceneManifest_Generation = YES;
				INFOPLIST_KEY_UIApplicationSupportsIndirectInputEvents = YES;
				INFOPLIST_KEY_UILaunchScreen_Generation = YES;
				INFOPLIST_KEY_UISupportedInterfaceOrientations_iPad = "UIInterfaceOrientationPortrait UIInterfaceOrientationPortraitUpsideDown UIInterfaceOrientationLandscapeLeft UIInterfaceOrientationLandscapeRight";
				INFOPLIST_KEY_UISupportedInterfaceOrientations_iPhone = "UIInterfaceOrientationPortrait UIInterfaceOrientationLandscapeLeft UIInterfaceOrientationLandscapeRight";
				LD_RUNPATH_SEARCH_PATHS = (
					"$(inherited)",
					"@executable_path/Frameworks",
				);
				MARKETING_VERSION = 1.0;
				PRODUCT_BUNDLE_IDENTIFIER = ru.genius.Landmarks;
				PRODUCT_NAME = "$(TARGET_NAME)";
				SWIFT_EMIT_LOC_STRINGS = YES;
				SWIFT_VERSION = 5.0;
				TARGETED_DEVICE_FAMILY = "1,2";
			};
			name = Debug;
		};
		06A3F9B02824250300DDB04A /* Release */ = {
			isa = XCBuildConfiguration;
			buildSettings = {
				ASSETCATALOG_COMPILER_APPICON_NAME = AppIcon;
				ASSETCATALOG_COMPILER_GLOBAL_ACCENT_COLOR_NAME = AccentColor;
				CODE_SIGN_STYLE = Automatic;
				CURRENT_PROJECT_VERSION = 1;
				DEVELOPMENT_ASSET_PATHS = "\"Landmarks/Preview Content\"";
				ENABLE_PREVIEWS = YES;
				GENERATE_INFOPLIST_FILE = YES;
				INFOPLIST_KEY_UIApplicationSceneManifest_Generation = YES;
				INFOPLIST_KEY_UIApplicationSupportsIndirectInputEvents = YES;
				INFOPLIST_KEY_UILaunchScreen_Generation = YES;
				INFOPLIST_KEY_UISupportedInterfaceOrientations_iPad = "UIInterfaceOrientationPortrait UIInterfaceOrientationPortraitUpsideDown UIInterfaceOrientationLandscapeLeft UIInterfaceOrientationLandscapeRight";
				INFOPLIST_KEY_UISupportedInterfaceOrientations_iPhone = "UIInterfaceOrientationPortrait UIInterfaceOrientationLandscapeLeft UIInterfaceOrientationLandscapeRight";
				LD_RUNPATH_SEARCH_PATHS = (
					"$(inherited)",
					"@executable_path/Frameworks",
				);
				MARKETING_VERSION = 1.0;
				PRODUCT_BUNDLE_IDENTIFIER = ru.genius.Landmarks;
				PRODUCT_NAME = "$(TARGET_NAME)";
				SWIFT_EMIT_LOC_STRINGS = YES;
				SWIFT_VERSION = 5.0;
				TARGETED_DEVICE_FAMILY = "1,2";
			};
			name = Release;
		};
/* End XCBuildConfiguration section */

/* Begin XCConfigurationList section */
		06A3F99B2824250200DDB04A /* Build configuration list for PBXProject "Landmarks" */ = {
			isa = XCConfigurationList;
			buildConfigurations = (
				06A3F9AC2824250300DDB04A /* Debug */,
				06A3F9AD2824250300DDB04A /* Release */,
			);
			defaultConfigurationIsVisible = 0;
			defaultConfigurationName = Release;
		};
		06A3F9AE2824250300DDB04A /* Build configuration list for PBXNativeTarget "Landmarks" */ = {
			isa = XCConfigurationList;
			buildConfigurations = (
				06A3F9AF2824250300DDB04A /* Debug */,
				06A3F9B02824250300DDB04A /* Release */,
			);
			defaultConfigurationIsVisible = 0;
			defaultConfigurationName = Release;
		};
/* End XCConfigurationList section */
	};
	rootObject = 06A3F9982824250200DDB04A /* Project object */;
}
